
Microsoft Visual Studio Solution File, Format Version 12.00
# Visual Studio Version 17
VisualStudioVersion = 17.6.33829.357
MinimumVisualStudioVersion = 10.0.40219.1
Project("{FAE04EC0-301F-11D3-BF4B-00C04F79EFBC}") = "ConsoleApp31", "ConsoleApp31.csproj", "{5AE3D63E-070A-4A4E-B6C7-E610C815B038}"
EndProject
Global
	GlobalSection(SolutionConfigurationPlatforms) = preSolution
		Debug|Any CPU = Debug|Any CPU
		Release|Any CPU = Release|Any CPU
	EndGlobalSection
	GlobalSection(ProjectConfigurationPlatforms) = postSolution
		{5AE3D63E-070A-4A4E-B6C7-E610C815B038}.Debug|Any CPU.ActiveCfg = Debug|Any CPU
		{5AE3D63E-070A-4A4E-B6C7-E610C815B038}.Debug|Any CPU.Build.0 = Debug|Any CPU
		{5AE3D63E-070A-4A4E-B6C7-E610C815B038}.Release|Any CPU.ActiveCfg = Release|Any CPU
		{5AE3D63E-070A-4A4E-B6C7-E610C815B038}.Release|Any CPU.Build.0 = Release|Any CPU
	EndGlobalSection
	GlobalSection(SolutionProperties) = preSolution
		HideSolutionNode = FALSE
	EndGlobalSection
	GlobalSection(ExtensibilityGlobals) = postSolution
		SolutionGuid = {7968BC58-6CBE-4B65-9ACD-157EA7EC630D}
	EndGlobalSection
EndGlobal
